// !$*UTF8*$!
{
	archiveVersion = 1;
	classes = {
	};
	objectVersion = 46;
	objects = {

/* Begin PBXBuildFile section */
		B51604A21F1D99250091E1D7 /* AppDelegate.swift in Sources */ = {isa = PBXBuildFile; fileRef = B51604A11F1D99250091E1D7 /* AppDelegate.swift */; };
		B51604A41F1D99250091E1D7 /* MainViewController.swift in Sources */ = {isa = PBXBuildFile; fileRef = B51604A31F1D99250091E1D7 /* MainViewController.swift */; };
		B51604A71F1D99250091E1D7 /* Main.storyboard in Resources */ = {isa = PBXBuildFile; fileRef = B51604A51F1D99250091E1D7 /* Main.storyboard */; };
		B51604A91F1D99250091E1D7 /* Assets.xcassets in Resources */ = {isa = PBXBuildFile; fileRef = B51604A81F1D99250091E1D7 /* Assets.xcassets */; };
		B51604AC1F1D99250091E1D7 /* LaunchScreen.storyboard in Resources */ = {isa = PBXBuildFile; fileRef = B51604AA1F1D99250091E1D7 /* LaunchScreen.storyboard */; };
		B51604B61F1DA2400091E1D7 /* FoodInfo.swift in Sources */ = {isa = PBXBuildFile; fileRef = B51604B51F1DA2400091E1D7 /* FoodInfo.swift */; };
		B51604B81F1DA78F0091E1D7 /* CustomTableViewCell.swift in Sources */ = {isa = PBXBuildFile; fileRef = B51604B71F1DA78F0091E1D7 /* CustomTableViewCell.swift */; };
		B51604BA1F1DC62F0091E1D7 /* SerializationJson.swift in Sources */ = {isa = PBXBuildFile; fileRef = B51604B91F1DC62F0091E1D7 /* SerializationJson.swift */; };
		B51605001F1F19B40091E1D7 /* Networking.swift in Sources */ = {isa = PBXBuildFile; fileRef = B51604FE1F1F19B40091E1D7 /* Networking.swift */; };
		B51605011F1F19B40091E1D7 /* Reachability.swift in Sources */ = {isa = PBXBuildFile; fileRef = B51604FF1F1F19B40091E1D7 /* Reachability.swift */; };
		B51605241F1F42E60091E1D7 /* DetailViewController.swift in Sources */ = {isa = PBXBuildFile; fileRef = B51605231F1F42E60091E1D7 /* DetailViewController.swift */; };
		B51605261F1F71540091E1D7 /* FoodDetail.swift in Sources */ = {isa = PBXBuildFile; fileRef = B51605251F1F71540091E1D7 /* FoodDetail.swift */; };
		C57D60F01595712BE7D7B463 /* Pods_BeaminFresh.framework in Frameworks */ = {isa = PBXBuildFile; fileRef = C4244F01B0A69FC782E9E301 /* Pods_BeaminFresh.framework */; };
/* End PBXBuildFile section */

/* Begin PBXFileReference section */
		0A646E8B7F2E4385E2FB289B /* Pods-BeaminFresh.release.xcconfig */ = {isa = PBXFileReference; includeInIndex = 1; lastKnownFileType = text.xcconfig; name = "Pods-BeaminFresh.release.xcconfig"; path = "Pods/Target Support Files/Pods-BeaminFresh/Pods-BeaminFresh.release.xcconfig"; sourceTree = "<group>"; };
		17156E3126E7402A92A9DFF4 /* Pods-BeaminFresh.debug.xcconfig */ = {isa = PBXFileReference; includeInIndex = 1; lastKnownFileType = text.xcconfig; name = "Pods-BeaminFresh.debug.xcconfig"; path = "Pods/Target Support Files/Pods-BeaminFresh/Pods-BeaminFresh.debug.xcconfig"; sourceTree = "<group>"; };
		B516049E1F1D99250091E1D7 /* BeaminFresh.app */ = {isa = PBXFileReference; explicitFileType = wrapper.application; includeInIndex = 0; path = BeaminFresh.app; sourceTree = BUILT_PRODUCTS_DIR; };
		B51604A11F1D99250091E1D7 /* AppDelegate.swift */ = {isa = PBXFileReference; lastKnownFileType = sourcecode.swift; path = AppDelegate.swift; sourceTree = "<group>"; };
		B51604A31F1D99250091E1D7 /* MainViewController.swift */ = {isa = PBXFileReference; lastKnownFileType = sourcecode.swift; path = MainViewController.swift; sourceTree = "<group>"; };
		B51604A61F1D99250091E1D7 /* Base */ = {isa = PBXFileReference; lastKnownFileType = file.storyboard; name = Base; path = Base.lproj/Main.storyboard; sourceTree = "<group>"; };
		B51604A81F1D99250091E1D7 /* Assets.xcassets */ = {isa = PBXFileReference; lastKnownFileType = folder.assetcatalog; path = Assets.xcassets; sourceTree = "<group>"; };
		B51604AB1F1D99250091E1D7 /* Base */ = {isa = PBXFileReference; lastKnownFileType = file.storyboard; name = Base; path = Base.lproj/LaunchScreen.storyboard; sourceTree = "<group>"; };
		B51604AD1F1D99250091E1D7 /* Info.plist */ = {isa = PBXFileReference; lastKnownFileType = text.plist.xml; path = Info.plist; sourceTree = "<group>"; };
		B51604B51F1DA2400091E1D7 /* FoodInfo.swift */ = {isa = PBXFileReference; fileEncoding = 4; lastKnownFileType = sourcecode.swift; path = FoodInfo.swift; sourceTree = "<group>"; };
		B51604B71F1DA78F0091E1D7 /* CustomTableViewCell.swift */ = {isa = PBXFileReference; fileEncoding = 4; lastKnownFileType = sourcecode.swift; path = CustomTableViewCell.swift; sourceTree = "<group>"; };
		B51604B91F1DC62F0091E1D7 /* SerializationJson.swift */ = {isa = PBXFileReference; fileEncoding = 4; lastKnownFileType = sourcecode.swift; path = SerializationJson.swift; sourceTree = "<group>"; };
		B51604FE1F1F19B40091E1D7 /* Networking.swift */ = {isa = PBXFileReference; fileEncoding = 4; lastKnownFileType = sourcecode.swift; path = Networking.swift; sourceTree = "<group>"; };
		B51604FF1F1F19B40091E1D7 /* Reachability.swift */ = {isa = PBXFileReference; fileEncoding = 4; lastKnownFileType = sourcecode.swift; path = Reachability.swift; sourceTree = "<group>"; };
		B51605231F1F42E60091E1D7 /* DetailViewController.swift */ = {isa = PBXFileReference; fileEncoding = 4; lastKnownFileType = sourcecode.swift; path = DetailViewController.swift; sourceTree = "<group>"; };
		B51605251F1F71540091E1D7 /* FoodDetail.swift */ = {isa = PBXFileReference; fileEncoding = 4; lastKnownFileType = sourcecode.swift; path = FoodDetail.swift; sourceTree = "<group>"; };
		C4244F01B0A69FC782E9E301 /* Pods_BeaminFresh.framework */ = {isa = PBXFileReference; explicitFileType = wrapper.framework; includeInIndex = 0; path = Pods_BeaminFresh.framework; sourceTree = BUILT_PRODUCTS_DIR; };
/* End PBXFileReference section */

/* Begin PBXFrameworksBuildPhase section */
		B516049B1F1D99250091E1D7 /* Frameworks */ = {
			isa = PBXFrameworksBuildPhase;
			buildActionMask = 2147483647;
			files = (
				C57D60F01595712BE7D7B463 /* Pods_BeaminFresh.framework in Frameworks */,
			);
			runOnlyForDeploymentPostprocessing = 0;
		};
/* End PBXFrameworksBuildPhase section */

/* Begin PBXGroup section */
		30A2C443A819F748EB6ACDED /* Pods */ = {
			isa = PBXGroup;
			children = (
				17156E3126E7402A92A9DFF4 /* Pods-BeaminFresh.debug.xcconfig */,
				0A646E8B7F2E4385E2FB289B /* Pods-BeaminFresh.release.xcconfig */,
			);
			name = Pods;
			sourceTree = "<group>";
		};
		B51604951F1D99250091E1D7 = {
			isa = PBXGroup;
			children = (
				B51604A01F1D99250091E1D7 /* BeaminFresh */,
				B516049F1F1D99250091E1D7 /* Products */,
				30A2C443A819F748EB6ACDED /* Pods */,
				FFA2946D1F1A25E42E39C433 /* Frameworks */,
			);
			sourceTree = "<group>";
		};
		B516049F1F1D99250091E1D7 /* Products */ = {
			isa = PBXGroup;
			children = (
				B516049E1F1D99250091E1D7 /* BeaminFresh.app */,
			);
			name = Products;
			sourceTree = "<group>";
		};
		B51604A01F1D99250091E1D7 /* BeaminFresh */ = {
			isa = PBXGroup;
			children = (
				B51604A11F1D99250091E1D7 /* AppDelegate.swift */,
				B51605021F1F19BC0091E1D7 /* Model */,
				B51604FF1F1F19B40091E1D7 /* Reachability.swift */,
				B51604B71F1DA78F0091E1D7 /* CustomTableViewCell.swift */,
				B51604A31F1D99250091E1D7 /* MainViewController.swift */,
				B51605231F1F42E60091E1D7 /* DetailViewController.swift */,
				B51604A51F1D99250091E1D7 /* Main.storyboard */,
				B51604A81F1D99250091E1D7 /* Assets.xcassets */,
				B51604AA1F1D99250091E1D7 /* LaunchScreen.storyboard */,
				B51604AD1F1D99250091E1D7 /* Info.plist */,
			);
			path = BeaminFresh;
			sourceTree = "<group>";
		};
		B51605021F1F19BC0091E1D7 /* Model */ = {
			isa = PBXGroup;
			children = (
				B51604FE1F1F19B40091E1D7 /* Networking.swift */,
				B51604B91F1DC62F0091E1D7 /* SerializationJson.swift */,
				B51604B51F1DA2400091E1D7 /* FoodInfo.swift */,
				B51605251F1F71540091E1D7 /* FoodDetail.swift */,
			);
			name = Model;
			sourceTree = "<group>";
		};
		FFA2946D1F1A25E42E39C433 /* Frameworks */ = {
			isa = PBXGroup;
			children = (
				C4244F01B0A69FC782E9E301 /* Pods_BeaminFresh.framework */,
			);
			name = Frameworks;
			sourceTree = "<group>";
		};
/* End PBXGroup section */

/* Begin PBXNativeTarget section */
		B516049D1F1D99250091E1D7 /* BeaminFresh */ = {
			isa = PBXNativeTarget;
			buildConfigurationList = B51604B01F1D99250091E1D7 /* Build configuration list for PBXNativeTarget "BeaminFresh" */;
			buildPhases = (
				E14EABF5B6F7F9145305EA59 /* [CP] Check Pods Manifest.lock */,
				B516049A1F1D99250091E1D7 /* Sources */,
				B516049B1F1D99250091E1D7 /* Frameworks */,
				B516049C1F1D99250091E1D7 /* Resources */,
				76988215FA6D6668A56BF348 /* [CP] Embed Pods Frameworks */,
				3530328B784FB7F8DFD760EF /* [CP] Copy Pods Resources */,
			);
			buildRules = (
			);
			dependencies = (
			);
			name = BeaminFresh;
			productName = BeaminFresh;
			productReference = B516049E1F1D99250091E1D7 /* BeaminFresh.app */;
			productType = "com.apple.product-type.application";
		};
/* End PBXNativeTarget section */

/* Begin PBXProject section */
		B51604961F1D99250091E1D7 /* Project object */ = {
			isa = PBXProject;
			attributes = {
				LastSwiftUpdateCheck = 0830;
				LastUpgradeCheck = 0830;
				ORGANIZATIONNAME = HannaJeon;
				TargetAttributes = {
					B516049D1F1D99250091E1D7 = {
						CreatedOnToolsVersion = 8.3.3;
						ProvisioningStyle = Automatic;
					};
				};
			};
			buildConfigurationList = B51604991F1D99250091E1D7 /* Build configuration list for PBXProject "BeaminFresh" */;
			compatibilityVersion = "Xcode 3.2";
			developmentRegion = English;
			hasScannedForEncodings = 0;
			knownRegions = (
				en,
				Base,
			);
			mainGroup = B51604951F1D99250091E1D7;
			productRefGroup = B516049F1F1D99250091E1D7 /* Products */;
			projectDirPath = "";
			projectRoot = "";
			targets = (
				B516049D1F1D99250091E1D7 /* BeaminFresh */,
			);
		};
/* End PBXProject section */

/* Begin PBXResourcesBuildPhase section */
		B516049C1F1D99250091E1D7 /* Resources */ = {
			isa = PBXResourcesBuildPhase;
			buildActionMask = 2147483647;
			files = (
				B51604AC1F1D99250091E1D7 /* LaunchScreen.storyboard in Resources */,
				B51604A91F1D99250091E1D7 /* Assets.xcassets in Resources */,
				B51604A71F1D99250091E1D7 /* Main.storyboard in Resources */,
			);
			runOnlyForDeploymentPostprocessing = 0;
		};
/* End PBXResourcesBuildPhase section */

/* Begin PBXShellScriptBuildPhase section */
		3530328B784FB7F8DFD760EF /* [CP] Copy Pods Resources */ = {
			isa = PBXShellScriptBuildPhase;
			buildActionMask = 2147483647;
			files = (
			);
			inputPaths = (
			);
			name = "[CP] Copy Pods Resources";
			outputPaths = (
			);
			runOnlyForDeploymentPostprocessing = 0;
			shellPath = /bin/sh;
			shellScript = "\"${SRCROOT}/Pods/Target Support Files/Pods-BeaminFresh/Pods-BeaminFresh-resources.sh\"\n";
			showEnvVarsInLog = 0;
		};
		76988215FA6D6668A56BF348 /* [CP] Embed Pods Frameworks */ = {
			isa = PBXShellScriptBuildPhase;
			buildActionMask = 2147483647;
			files = (
			);
			inputPaths = (
			);
			name = "[CP] Embed Pods Frameworks";
			outputPaths = (
			);
			runOnlyForDeploymentPostprocessing = 0;
			shellPath = /bin/sh;
			shellScript = "\"${SRCROOT}/Pods/Target Support Files/Pods-BeaminFresh/Pods-BeaminFresh-frameworks.sh\"\n";
			showEnvVarsInLog = 0;
		};
		E14EABF5B6F7F9145305EA59 /* [CP] Check Pods Manifest.lock */ = {
			isa = PBXShellScriptBuildPhase;
			buildActionMask = 2147483647;
			files = (
			);
			inputPaths = (
			);
			name = "[CP] Check Pods Manifest.lock";
			outputPaths = (
			);
			runOnlyForDeploymentPostprocessing = 0;
			shellPath = /bin/sh;
			shellScript = "diff \"${PODS_PODFILE_DIR_PATH}/Podfile.lock\" \"${PODS_ROOT}/Manifest.lock\" > /dev/null\nif [ $? != 0 ] ; then\n    # print error to STDERR\n    echo \"error: The sandbox is not in sync with the Podfile.lock. Run 'pod install' or update your CocoaPods installation.\" >&2\n    exit 1\nfi\n";
			showEnvVarsInLog = 0;
		};
/* End PBXShellScriptBuildPhase section */

/* Begin PBXSourcesBuildPhase section */
		B516049A1F1D99250091E1D7 /* Sources */ = {
			isa = PBXSourcesBuildPhase;
			buildActionMask = 2147483647;
			files = (
				B51605011F1F19B40091E1D7 /* Reachability.swift in Sources */,
				B51604BA1F1DC62F0091E1D7 /* SerializationJson.swift in Sources */,
				B51604A41F1D99250091E1D7 /* MainViewController.swift in Sources */,
				B51604B61F1DA2400091E1D7 /* FoodInfo.swift in Sources */,
				B51605001F1F19B40091E1D7 /* Networking.swift in Sources */,
				B51604B81F1DA78F0091E1D7 /* CustomTableViewCell.swift in Sources */,
				B51604A21F1D99250091E1D7 /* AppDelegate.swift in Sources */,
				B51605241F1F42E60091E1D7 /* DetailViewController.swift in Sources */,
				B51605261F1F71540091E1D7 /* FoodDetail.swift in Sources */,
			);
			runOnlyForDeploymentPostprocessing = 0;
		};
/* End PBXSourcesBuildPhase section */

/* Begin PBXVariantGroup section */
		B51604A51F1D99250091E1D7 /* Main.storyboard */ = {
			isa = PBXVariantGroup;
			children = (
				B51604A61F1D99250091E1D7 /* Base */,
			);
			name = Main.storyboard;
			sourceTree = "<group>";
		};
		B51604AA1F1D99250091E1D7 /* LaunchScreen.storyboard */ = {
			isa = PBXVariantGroup;
			children = (
				B51604AB1F1D99250091E1D7 /* Base */,
			);
			name = LaunchScreen.storyboard;
			sourceTree = "<group>";
		};
/* End PBXVariantGroup section */

/* Begin XCBuildConfiguration section */
		B51604AE1F1D99250091E1D7 /* Debug */ = {
			isa = XCBuildConfiguration;
			buildSettings = {
				ALWAYS_SEARCH_USER_PATHS = NO;
				CLANG_ANALYZER_NONNULL = YES;
				CLANG_ANALYZER_NUMBER_OBJECT_CONVERSION = YES_AGGRESSIVE;
				CLANG_CXX_LANGUAGE_STANDARD = "gnu++0x";
				CLANG_CXX_LIBRARY = "libc++";
				CLANG_ENABLE_MODULES = YES;
				CLANG_ENABLE_OBJC_ARC = YES;
				CLANG_WARN_BOOL_CONVERSION = YES;
				CLANG_WARN_CONSTANT_CONVERSION = YES;
				CLANG_WARN_DIRECT_OBJC_ISA_USAGE = YES_ERROR;
				CLANG_WARN_DOCUMENTATION_COMMENTS = YES;
				CLANG_WARN_EMPTY_BODY = YES;
				CLANG_WARN_ENUM_CONVERSION = YES;
				CLANG_WARN_INFINITE_RECURSION = YES;
				CLANG_WARN_INT_CONVERSION = YES;
				CLANG_WARN_OBJC_ROOT_CLASS = YES_ERROR;
				CLANG_WARN_SUSPICIOUS_MOVE = YES;
				CLANG_WARN_UNREACHABLE_CODE = YES;
				CLANG_WARN__DUPLICATE_METHOD_MATCH = YES;
				"CODE_SIGN_IDENTITY[sdk=iphoneos*]" = "iPhone Developer";
				COPY_PHASE_STRIP = NO;
				DEBUG_INFORMATION_FORMAT = dwarf;
				ENABLE_STRICT_OBJC_MSGSEND = YES;
				ENABLE_TESTABILITY = YES;
				GCC_C_LANGUAGE_STANDARD = gnu99;
				GCC_DYNAMIC_NO_PIC = NO;
				GCC_NO_COMMON_BLOCKS = YES;
				GCC_OPTIMIZATION_LEVEL = 0;
				GCC_PREPROCESSOR_DEFINITIONS = (
					"DEBUG=1",
					"$(inherited)",
				);
				GCC_WARN_64_TO_32_BIT_CONVERSION = YES;
				GCC_WARN_ABOUT_RETURN_TYPE = YES_ERROR;
				GCC_WARN_UNDECLARED_SELECTOR = YES;
				GCC_WARN_UNINITIALIZED_AUTOS = YES_AGGRESSIVE;
				GCC_WARN_UNUSED_FUNCTION = YES;
				GCC_WARN_UNUSED_VARIABLE = YES;
				IPHONEOS_DEPLOYMENT_TARGET = 10.3;
				MTL_ENABLE_DEBUG_INFO = YES;
				ONLY_ACTIVE_ARCH = YES;
				SDKROOT = iphoneos;
				SWIFT_ACTIVE_COMPILATION_CONDITIONS = DEBUG;
				SWIFT_OPTIMIZATION_LEVEL = "-Onone";
			};
			name = Debug;
		};
		B51604AF1F1D99250091E1D7 /* Release */ = {
			isa = XCBuildConfiguration;
			buildSettings = {
				ALWAYS_SEARCH_USER_PATHS = NO;
				CLANG_ANALYZER_NONNULL = YES;
				CLANG_ANALYZER_NUMBER_OBJECT_CONVERSION = YES_AGGRESSIVE;
				CLANG_CXX_LANGUAGE_STANDARD = "gnu++0x";
				CLANG_CXX_LIBRARY = "libc++";
				CLANG_ENABLE_MODULES = YES;
				CLANG_ENABLE_OBJC_ARC = YES;
				CLANG_WARN_BOOL_CONVERSION = YES;
				CLANG_WARN_CONSTANT_CONVERSION = YES;
				CLANG_WARN_DIRECT_OBJC_ISA_USAGE = YES_ERROR;
				CLANG_WARN_DOCUMENTATION_COMMENTS = YES;
				CLANG_WARN_EMPTY_BODY = YES;
				CLANG_WARN_ENUM_CONVERSION = YES;
				CLANG_WARN_INFINITE_RECURSION = YES;
				CLANG_WARN_INT_CONVERSION = YES;
				CLANG_WARN_OBJC_ROOT_CLASS = YES_ERROR;
				CLANG_WARN_SUSPICIOUS_MOVE = YES;
				CLANG_WARN_UNREACHABLE_CODE = YES;
				CLANG_WARN__DUPLICATE_METHOD_MATCH = YES;
				"CODE_SIGN_IDENTITY[sdk=iphoneos*]" = "iPhone Developer";
				COPY_PHASE_STRIP = NO;
				DEBUG_INFORMATION_FORMAT = "dwarf-with-dsym";
				ENABLE_NS_ASSERTIONS = NO;
				ENABLE_STRICT_OBJC_MSGSEND = YES;
				GCC_C_LANGUAGE_STANDARD = gnu99;
				GCC_NO_COMMON_BLOCKS = YES;
				GCC_WARN_64_TO_32_BIT_CONVERSION = YES;
				GCC_WARN_ABOUT_RETURN_TYPE = YES_ERROR;
				GCC_WARN_UNDECLARED_SELECTOR = YES;
				GCC_WARN_UNINITIALIZED_AUTOS = YES_AGGRESSIVE;
				GCC_WARN_UNUSED_FUNCTION = YES;
				GCC_WARN_UNUSED_VARIABLE = YES;
				IPHONEOS_DEPLOYMENT_TARGET = 10.3;
				MTL_ENABLE_DEBUG_INFO = NO;
				SDKROOT = iphoneos;
				SWIFT_OPTIMIZATION_LEVEL = "-Owholemodule";
				VALIDATE_PRODUCT = YES;
			};
			name = Release;
		};
		B51604B11F1D99250091E1D7 /* Debug */ = {
			isa = XCBuildConfiguration;
			baseConfigurationReference = 17156E3126E7402A92A9DFF4 /* Pods-BeaminFresh.debug.xcconfig */;
			buildSettings = {
				ASSETCATALOG_COMPILER_APPICON_NAME = AppIcon;
				INFOPLIST_FILE = BeaminFresh/Info.plist;
				LD_RUNPATH_SEARCH_PATHS = "$(inherited) @executable_path/Frameworks";
				PRODUCT_BUNDLE_IDENTIFIER = com.hanna.BeaminFresh;
				PRODUCT_NAME = "$(TARGET_NAME)";
				SWIFT_VERSION = 3.0;
			};
			name = Debug;
		};
		B51604B21F1D99250091E1D7 /* Release */ = {
			isa = XCBuildConfiguration;
			baseConfigurationReference = 0A646E8B7F2E4385E2FB289B /* Pods-BeaminFresh.release.xcconfig */;
			buildSettings = {
				ASSETCATALOG_COMPILER_APPICON_NAME = AppIcon;
				INFOPLIST_FILE = BeaminFresh/Info.plist;
				LD_RUNPATH_SEARCH_PATHS = "$(inherited) @executable_path/Frameworks";
				PRODUCT_BUNDLE_IDENTIFIER = com.hanna.BeaminFresh;
				PRODUCT_NAME = "$(TARGET_NAME)";
				SWIFT_VERSION = 3.0;
			};
			name = Release;
		};
/* End XCBuildConfiguration section */

/* Begin XCConfigurationList section */
		B51604991F1D99250091E1D7 /* Build configuration list for PBXProject "BeaminFresh" */ = {
			isa = XCConfigurationList;
			buildConfigurations = (
				B51604AE1F1D99250091E1D7 /* Debug */,
				B51604AF1F1D99250091E1D7 /* Release */,
			);
			defaultConfigurationIsVisible = 0;
			defaultConfigurationName = Release;
		};
		B51604B01F1D99250091E1D7 /* Build configuration list for PBXNativeTarget "BeaminFresh" */ = {
			isa = XCConfigurationList;
			buildConfigurations = (
				B51604B11F1D99250091E1D7 /* Debug */,
				B51604B21F1D99250091E1D7 /* Release */,
			);
			defaultConfigurationIsVisible = 0;
			defaultConfigurationName = Release;
		};
/* End XCConfigurationList section */
	};
	rootObject = B51604961F1D99250091E1D7 /* Project object */;
}
